
Microsoft Visual Studio Solution File, Format Version 12.00
# Visual Studio Version 17
VisualStudioVersion = 17.0.31903.59
MinimumVisualStudioVersion = 10.0.40219.1
Project("{FAE04EC0-301F-11D3-BF4B-00C04F79EFBC}") = "Conversion.Core", "Conversion.Core\Conversion.Core.csproj", "{BBE0ACA1-7222-46C1-AEC1-7E0BB8CA4B17}"
EndProject
Project("{FAE04EC0-301F-11D3-BF4B-00C04F79EFBC}") = "Conversion.Core.Tests", "Conversion.Core.Tests\Conversion.Core.Tests.csproj", "{1BFBEC8F-A4D4-4338-A3AE-F4889BF6C486}"
EndProject
Global
	GlobalSection(SolutionConfigurationPlatforms) = preSolution
		Debug|Any CPU = Debug|Any CPU
		Release|Any CPU = Release|Any CPU
	EndGlobalSection
	GlobalSection(SolutionProperties) = preSolution
		HideSolutionNode = FALSE
	EndGlobalSection
	GlobalSection(ProjectConfigurationPlatforms) = postSolution
		{BBE0ACA1-7222-46C1-AEC1-7E0BB8CA4B17}.Debug|Any CPU.ActiveCfg = Debug|Any CPU
		{BBE0ACA1-7222-46C1-AEC1-7E0BB8CA4B17}.Debug|Any CPU.Build.0 = Debug|Any CPU
		{BBE0ACA1-7222-46C1-AEC1-7E0BB8CA4B17}.Release|Any CPU.ActiveCfg = Release|Any CPU
		{BBE0ACA1-7222-46C1-AEC1-7E0BB8CA4B17}.Release|Any CPU.Build.0 = Release|Any CPU
		{1BFBEC8F-A4D4-4338-A3AE-F4889BF6C486}.Debug|Any CPU.ActiveCfg = Debug|Any CPU
		{1BFBEC8F-A4D4-4338-A3AE-F4889BF6C486}.Debug|Any CPU.Build.0 = Debug|Any CPU
		{1BFBEC8F-A4D4-4338-A3AE-F4889BF6C486}.Release|Any CPU.ActiveCfg = Release|Any CPU
		{1BFBEC8F-A4D4-4338-A3AE-F4889BF6C486}.Release|Any CPU.Build.0 = Release|Any CPU
	EndGlobalSection
EndGlobal
